
Microsoft Visual Studio Solution File, Format Version 12.00
# Visual Studio Version 16
VisualStudioVersion = 16.0.31005.135
MinimumVisualStudioVersion = 10.0.40219.1
Project("{FAE04EC0-301F-11D3-BF4B-00C04F79EFBC}") = "Music Player", "Music Player.csproj", "{9C43436C-38C1-42FD-A406-88DBDC96816A}"
EndProject
Global
	GlobalSection(SolutionConfigurationPlatforms) = preSolution
		Debug|Any CPU = Debug|Any CPU
		Release|Any CPU = Release|Any CPU
	EndGlobalSection
	GlobalSection(ProjectConfigurationPlatforms) = postSolution
		{9C43436C-38C1-42FD-A406-88DBDC96816A}.Debug|Any CPU.ActiveCfg = Debug|Any CPU
		{9C43436C-38C1-42FD-A406-88DBDC96816A}.Debug|Any CPU.Build.0 = Debug|Any CPU
		{9C43436C-38C1-42FD-A406-88DBDC96816A}.Release|Any CPU.ActiveCfg = Release|Any CPU
		{9C43436C-38C1-42FD-A406-88DBDC96816A}.Release|Any CPU.Build.0 = Release|Any CPU
	EndGlobalSection
	GlobalSection(SolutionProperties) = preSolution
		HideSolutionNode = FALSE
	EndGlobalSection
	GlobalSection(ExtensibilityGlobals) = postSolution
		SolutionGuid = {6A134BB4-AEF8-4420-8209-C4EBF77FFC76}
	EndGlobalSection
EndGlobal
